Microsoft Visual Studio Solution File, Format Version 11.00
# Visual Studio 2008

Project("{F8AB9C2E-602E-8B13-17B8-E8E7FCE825F7}") = "Game Menu - Part 1", "Assembly-CSharp.csproj", "{6DAE355F-C8EB-041A-E7E5-A80E08BA1824}"
EndProject
Global
	GlobalSection(SolutionConfigurationPlatforms) = preSolution
		Debug|Any CPU = Debug|Any CPU
		Release|Any CPU = Release|Any CPU
	EndGlobalSection
	GlobalSection(ProjectConfigurationPlatforms) = postSolution
		{6DAE355F-C8EB-041A-E7E5-A80E08BA1824}.Debug|Any CPU.ActiveCfg = Debug|Any CPU
		{6DAE355F-C8EB-041A-E7E5-A80E08BA1824}.Debug|Any CPU.Build.0 = Debug|Any CPU
		{6DAE355F-C8EB-041A-E7E5-A80E08BA1824}.Release|Any CPU.ActiveCfg = Release|Any CPU
		{6DAE355F-C8EB-041A-E7E5-A80E08BA1824}.Release|Any CPU.Build.0 = Release|Any CPU
	EndGlobalSection
	GlobalSection(SolutionProperties) = preSolution
		HideSolutionNode = FALSE
	EndGlobalSection
	GlobalSection(MonoDevelopProperties) = preSolution
		StartupItem = Assembly-CSharp.csproj
	EndGlobalSection
EndGlobal
